
Microsoft Visual Studio Solution File, Format Version 12.00
# Visual Studio 2013
VisualStudioVersion = 12.0.21005.1
MinimumVisualStudioVersion = 10.0.40219.1
Project("{8BC9CEB8-8B4A-11D0-8D11-00A0C91BC942}") = "Lab2TiSD", "Lab2TiSD\Lab2TiSD.vcxproj", "{9423E1C4-BE5E-4F7C-89DF-4043EBD30581}"
EndProject
Global
	GlobalSection(SolutionConfigurationPlatforms) = preSolution
		Debug|Win32 = Debug|Win32
		Release|Win32 = Release|Win32
	EndGlobalSection
	GlobalSection(ProjectConfigurationPlatforms) = postSolution
		{9423E1C4-BE5E-4F7C-89DF-4043EBD30581}.Debug|Win32.ActiveCfg = Debug|Win32
		{9423E1C4-BE5E-4F7C-89DF-4043EBD30581}.Debug|Win32.Build.0 = Debug|Win32
		{9423E1C4-BE5E-4F7C-89DF-4043EBD30581}.Release|Win32.ActiveCfg = Release|Win32
		{9423E1C4-BE5E-4F7C-89DF-4043EBD30581}.Release|Win32.Build.0 = Release|Win32
	EndGlobalSection
	GlobalSection(SolutionProperties) = preSolution
		HideSolutionNode = FALSE
	EndGlobalSection
EndGlobal
